
Microsoft Visual Studio Solution File, Format Version 12.00
# Visual Studio Version 17
VisualStudioVersion = 17.12.35707.178
MinimumVisualStudioVersion = 10.0.40219.1
Project("{FAE04EC0-301F-11D3-BF4B-00C04F79EFBC}") = "EZSave.Tests", "EZSave.Tests\EZSave.Tests.csproj", "{2E8AAE0C-62A1-478A-8E0B-116A18B46B9E}"
EndProject
Project("{FAE04EC0-301F-11D3-BF4B-00C04F79EFBC}") = "EZSave.Language", "EZSave.Language\EZSave.Language.csproj", "{E8A6CF19-AA20-415E-95E8-8FBF87D7C887}"
EndProject
Project("{FAE04EC0-301F-11D3-BF4B-00C04F79EFBC}") = "EZSave.GUI", "EZSave.GUI\EZSave.GUI.csproj", "{35676C74-7CDE-44D7-AB5D-F34AC78339A4}"
EndProject
Project("{FAE04EC0-301F-11D3-BF4B-00C04F79EFBC}") = "EZSave.Core", "EZSave\EZSave.Core.csproj", "{450DEA8B-304F-49A3-8278-FCD59139CA03}"
EndProject
Project("{FAE04EC0-301F-11D3-BF4B-00C04F79EFBC}") = "EZSave.TUI", "EZSave.TUI\EZSave.TUI.csproj", "{7B643AA6-845F-4E38-A586-F90B68330411}"
EndProject
Project("{FAE04EC0-301F-11D3-BF4B-00C04F79EFBC}") = "CryptoSoft", "CryptoSoft\CryptoSoft.csproj", "{F17AC4F9-E834-354E-B694-7C47867E9A79}"
EndProject
Global
	GlobalSection(SolutionConfigurationPlatforms) = preSolution
		Debug|Any CPU = Debug|Any CPU
		Release|Any CPU = Release|Any CPU
	EndGlobalSection
	GlobalSection(ProjectConfigurationPlatforms) = postSolution
		{2E8AAE0C-62A1-478A-8E0B-116A18B46B9E}.Debug|Any CPU.ActiveCfg = Debug|Any CPU
		{2E8AAE0C-62A1-478A-8E0B-116A18B46B9E}.Debug|Any CPU.Build.0 = Debug|Any CPU
		{2E8AAE0C-62A1-478A-8E0B-116A18B46B9E}.Release|Any CPU.ActiveCfg = Release|Any CPU
		{2E8AAE0C-62A1-478A-8E0B-116A18B46B9E}.Release|Any CPU.Build.0 = Release|Any CPU
		{E8A6CF19-AA20-415E-95E8-8FBF87D7C887}.Debug|Any CPU.ActiveCfg = Debug|Any CPU
		{E8A6CF19-AA20-415E-95E8-8FBF87D7C887}.Debug|Any CPU.Build.0 = Debug|Any CPU
		{E8A6CF19-AA20-415E-95E8-8FBF87D7C887}.Release|Any CPU.ActiveCfg = Release|Any CPU
		{E8A6CF19-AA20-415E-95E8-8FBF87D7C887}.Release|Any CPU.Build.0 = Release|Any CPU
		{35676C74-7CDE-44D7-AB5D-F34AC78339A4}.Debug|Any CPU.ActiveCfg = Debug|Any CPU
		{35676C74-7CDE-44D7-AB5D-F34AC78339A4}.Debug|Any CPU.Build.0 = Debug|Any CPU
		{35676C74-7CDE-44D7-AB5D-F34AC78339A4}.Release|Any CPU.ActiveCfg = Release|Any CPU
		{35676C74-7CDE-44D7-AB5D-F34AC78339A4}.Release|Any CPU.Build.0 = Release|Any CPU
		{450DEA8B-304F-49A3-8278-FCD59139CA03}.Debug|Any CPU.ActiveCfg = Debug|Any CPU
		{450DEA8B-304F-49A3-8278-FCD59139CA03}.Debug|Any CPU.Build.0 = Debug|Any CPU
		{450DEA8B-304F-49A3-8278-FCD59139CA03}.Release|Any CPU.ActiveCfg = Release|Any CPU
		{450DEA8B-304F-49A3-8278-FCD59139CA03}.Release|Any CPU.Build.0 = Release|Any CPU
		{7B643AA6-845F-4E38-A586-F90B68330411}.Debug|Any CPU.ActiveCfg = Debug|Any CPU
		{7B643AA6-845F-4E38-A586-F90B68330411}.Debug|Any CPU.Build.0 = Debug|Any CPU
		{7B643AA6-845F-4E38-A586-F90B68330411}.Release|Any CPU.ActiveCfg = Release|Any CPU
		{7B643AA6-845F-4E38-A586-F90B68330411}.Release|Any CPU.Build.0 = Release|Any CPU
		{F17AC4F9-E834-354E-B694-7C47867E9A79}.Debug|Any CPU.ActiveCfg = Debug|Any CPU
		{F17AC4F9-E834-354E-B694-7C47867E9A79}.Debug|Any CPU.Build.0 = Debug|Any CPU
		{F17AC4F9-E834-354E-B694-7C47867E9A79}.Release|Any CPU.ActiveCfg = Release|Any CPU
		{F17AC4F9-E834-354E-B694-7C47867E9A79}.Release|Any CPU.Build.0 = Release|Any CPU
	EndGlobalSection
	GlobalSection(SolutionProperties) = preSolution
		HideSolutionNode = FALSE
	EndGlobalSection
EndGlobal
